
Microsoft Visual Studio Solution File, Format Version 12.00
# Visual Studio Version 17
VisualStudioVersion = 17.0.31903.59
MinimumVisualStudioVersion = 10.0.40219.1
Project("{2150E333-8FDC-42A3-9474-1A3956D46DE8}") = "examples", "examples", "{B36A84DF-456D-A817-6EDD-3EC3E7F6E11F}"
EndProject
Project("{FAE04EC0-301F-11D3-BF4B-00C04F79EFBC}") = "GetCluster", "examples\GetCluster\GetCluster.csproj", "{46D46B9D-1C92-4C5B-A565-40D45009294F}"
EndProject
Project("{FAE04EC0-301F-11D3-BF4B-00C04F79EFBC}") = "UpdateCluster", "examples\UpdateCluster\UpdateCluster.csproj", "{94C28226-F526-4563-936F-75F407D02AE6}"
EndProject
Project("{FAE04EC0-301F-11D3-BF4B-00C04F79EFBC}") = "CreateSingleRegionCluster", "examples\CreateSingleRegionCluster\CreateSingleRegionCluster.csproj", "{A1B72379-6A39-4D11-8964-987040124A57}"
EndProject
Project("{FAE04EC0-301F-11D3-BF4B-00C04F79EFBC}") = "DeleteSingleRegionCluster", "examples\DeleteSingleRegionCluster\DeleteSingleRegionCluster.csproj", "{F600BD6F-E1A8-45AE-A2C2-95FA004113A1}"
EndProject
Project("{FAE04EC0-301F-11D3-BF4B-00C04F79EFBC}") = "CreateMultiRegionClusters", "examples\CreateMultiRegionClusters\CreateMultiRegionClusters.csproj", "{3716F8BB-4D4A-46C1-B96B-D7F6C4188660}"
EndProject
Project("{FAE04EC0-301F-11D3-BF4B-00C04F79EFBC}") = "DeleteMultiRegionClusters", "examples\DeleteMultiRegionClusters\DeleteMultiRegionClusters.csproj", "{51F492A9-59A5-4A0C-8794-E6F1342AF782}"
EndProject
Project("{2150E333-8FDC-42A3-9474-1A3956D46DE8}") = "tests", "tests", "{0AB3BF05-4346-4AA6-1389-037BE0695223}"
EndProject
Project("{FAE04EC0-301F-11D3-BF4B-00C04F79EFBC}") = "DsqlExamples.Tests", "tests\DsqlExamples.Tests.csproj", "{22BCE680-C213-4B4A-8812-FBC80FEB69CB}"
EndProject
Global
	GlobalSection(SolutionConfigurationPlatforms) = preSolution
		Debug|Any CPU = Debug|Any CPU
		Debug|x64 = Debug|x64
		Debug|x86 = Debug|x86
		Release|Any CPU = Release|Any CPU
		Release|x64 = Release|x64
		Release|x86 = Release|x86
	EndGlobalSection
	GlobalSection(ProjectConfigurationPlatforms) = postSolution
		{46D46B9D-1C92-4C5B-A565-40D45009294F}.Debug|Any CPU.ActiveCfg = Debug|Any CPU
		{46D46B9D-1C92-4C5B-A565-40D45009294F}.Debug|Any CPU.Build.0 = Debug|Any CPU
		{46D46B9D-1C92-4C5B-A565-40D45009294F}.Debug|x64.ActiveCfg = Debug|Any CPU
		{46D46B9D-1C92-4C5B-A565-40D45009294F}.Debug|x64.Build.0 = Debug|Any CPU
		{46D46B9D-1C92-4C5B-A565-40D45009294F}.Debug|x86.ActiveCfg = Debug|Any CPU
		{46D46B9D-1C92-4C5B-A565-40D45009294F}.Debug|x86.Build.0 = Debug|Any CPU
		{46D46B9D-1C92-4C5B-A565-40D45009294F}.Release|Any CPU.ActiveCfg = Release|Any CPU
		{46D46B9D-1C92-4C5B-A565-40D45009294F}.Release|Any CPU.Build.0 = Release|Any CPU
		{46D46B9D-1C92-4C5B-A565-40D45009294F}.Release|x64.ActiveCfg = Release|Any CPU
		{46D46B9D-1C92-4C5B-A565-40D45009294F}.Release|x64.Build.0 = Release|Any CPU
		{46D46B9D-1C92-4C5B-A565-40D45009294F}.Release|x86.ActiveCfg = Release|Any CPU
		{46D46B9D-1C92-4C5B-A565-40D45009294F}.Release|x86.Build.0 = Release|Any CPU
		{94C28226-F526-4563-936F-75F407D02AE6}.Debug|Any CPU.ActiveCfg = Debug|Any CPU
		{94C28226-F526-4563-936F-75F407D02AE6}.Debug|Any CPU.Build.0 = Debug|Any CPU
		{94C28226-F526-4563-936F-75F407D02AE6}.Debug|x64.ActiveCfg = Debug|Any CPU
		{94C28226-F526-4563-936F-75F407D02AE6}.Debug|x64.Build.0 = Debug|Any CPU
		{94C28226-F526-4563-936F-75F407D02AE6}.Debug|x86.ActiveCfg = Debug|Any CPU
		{94C28226-F526-4563-936F-75F407D02AE6}.Debug|x86.Build.0 = Debug|Any CPU
		{94C28226-F526-4563-936F-75F407D02AE6}.Release|Any CPU.ActiveCfg = Release|Any CPU
		{94C28226-F526-4563-936F-75F407D02AE6}.Release|Any CPU.Build.0 = Release|Any CPU
		{94C28226-F526-4563-936F-75F407D02AE6}.Release|x64.ActiveCfg = Release|Any CPU
		{94C28226-F526-4563-936F-75F407D02AE6}.Release|x64.Build.0 = Release|Any CPU
		{94C28226-F526-4563-936F-75F407D02AE6}.Release|x86.ActiveCfg = Release|Any CPU
		{94C28226-F526-4563-936F-75F407D02AE6}.Release|x86.Build.0 = Release|Any CPU
		{A1B72379-6A39-4D11-8964-987040124A57}.Debug|Any CPU.ActiveCfg = Debug|Any CPU
		{A1B72379-6A39-4D11-8964-987040124A57}.Debug|Any CPU.Build.0 = Debug|Any CPU
		{A1B72379-6A39-4D11-8964-987040124A57}.Debug|x64.ActiveCfg = Debug|Any CPU
		{A1B72379-6A39-4D11-8964-987040124A57}.Debug|x64.Build.0 = Debug|Any CPU
		{A1B72379-6A39-4D11-8964-987040124A57}.Debug|x86.ActiveCfg = Debug|Any CPU
		{A1B72379-6A39-4D11-8964-987040124A57}.Debug|x86.Build.0 = Debug|Any CPU
		{A1B72379-6A39-4D11-8964-987040124A57}.Release|Any CPU.ActiveCfg = Release|Any CPU
		{A1B72379-6A39-4D11-8964-987040124A57}.Release|Any CPU.Build.0 = Release|Any CPU
		{A1B72379-6A39-4D11-8964-987040124A57}.Release|x64.ActiveCfg = Release|Any CPU
		{A1B72379-6A39-4D11-8964-987040124A57}.Release|x64.Build.0 = Release|Any CPU
		{A1B72379-6A39-4D11-8964-987040124A57}.Release|x86.ActiveCfg = Release|Any CPU
		{A1B72379-6A39-4D11-8964-987040124A57}.Release|x86.Build.0 = Release|Any CPU
		{F600BD6F-E1A8-45AE-A2C2-95FA004113A1}.Debug|Any CPU.ActiveCfg = Debug|Any CPU
		{F600BD6F-E1A8-45AE-A2C2-95FA004113A1}.Debug|Any CPU.Build.0 = Debug|Any CPU
		{F600BD6F-E1A8-45AE-A2C2-95FA004113A1}.Debug|x64.ActiveCfg = Debug|Any CPU
		{F600BD6F-E1A8-45AE-A2C2-95FA004113A1}.Debug|x64.Build.0 = Debug|Any CPU
		{F600BD6F-E1A8-45AE-A2C2-95FA004113A1}.Debug|x86.ActiveCfg = Debug|Any CPU
		{F600BD6F-E1A8-45AE-A2C2-95FA004113A1}.Debug|x86.Build.0 = Debug|Any CPU
		{F600BD6F-E1A8-45AE-A2C2-95FA004113A1}.Release|Any CPU.ActiveCfg = Release|Any CPU
		{F600BD6F-E1A8-45AE-A2C2-95FA004113A1}.Release|Any CPU.Build.0 = Release|Any CPU
		{F600BD6F-E1A8-45AE-A2C2-95FA004113A1}.Release|x64.ActiveCfg = Release|Any CPU
		{F600BD6F-E1A8-45AE-A2C2-95FA004113A1}.Release|x64.Build.0 = Release|Any CPU
		{F600BD6F-E1A8-45AE-A2C2-95FA004113A1}.Release|x86.ActiveCfg = Release|Any CPU
		{F600BD6F-E1A8-45AE-A2C2-95FA004113A1}.Release|x86.Build.0 = Release|Any CPU
		{3716F8BB-4D4A-46C1-B96B-D7F6C4188660}.Debug|Any CPU.ActiveCfg = Debug|Any CPU
		{3716F8BB-4D4A-46C1-B96B-D7F6C4188660}.Debug|Any CPU.Build.0 = Debug|Any CPU
		{3716F8BB-4D4A-46C1-B96B-D7F6C4188660}.Debug|x64.ActiveCfg = Debug|Any CPU
		{3716F8BB-4D4A-46C1-B96B-D7F6C4188660}.Debug|x64.Build.0 = Debug|Any CPU
		{3716F8BB-4D4A-46C1-B96B-D7F6C4188660}.Debug|x86.ActiveCfg = Debug|Any CPU
		{3716F8BB-4D4A-46C1-B96B-D7F6C4188660}.Debug|x86.Build.0 = Debug|Any CPU
		{3716F8BB-4D4A-46C1-B96B-D7F6C4188660}.Release|Any CPU.ActiveCfg = Release|Any CPU
		{3716F8BB-4D4A-46C1-B96B-D7F6C4188660}.Release|Any CPU.Build.0 = Release|Any CPU
		{3716F8BB-4D4A-46C1-B96B-D7F6C4188660}.Release|x64.ActiveCfg = Release|Any CPU
		{3716F8BB-4D4A-46C1-B96B-D7F6C4188660}.Release|x64.Build.0 = Release|Any CPU
		{3716F8BB-4D4A-46C1-B96B-D7F6C4188660}.Release|x86.ActiveCfg = Release|Any CPU
		{3716F8BB-4D4A-46C1-B96B-D7F6C4188660}.Release|x86.Build.0 = Release|Any CPU
		{51F492A9-59A5-4A0C-8794-E6F1342AF782}.Debug|Any CPU.ActiveCfg = Debug|Any CPU
		{51F492A9-59A5-4A0C-8794-E6F1342AF782}.Debug|Any CPU.Build.0 = Debug|Any CPU
		{51F492A9-59A5-4A0C-8794-E6F1342AF782}.Debug|x64.ActiveCfg = Debug|Any CPU
		{51F492A9-59A5-4A0C-8794-E6F1342AF782}.Debug|x64.Build.0 = Debug|Any CPU
		{51F492A9-59A5-4A0C-8794-E6F1342AF782}.Debug|x86.ActiveCfg = Debug|Any CPU
		{51F492A9-59A5-4A0C-8794-E6F1342AF782}.Debug|x86.Build.0 = Debug|Any CPU
		{51F492A9-59A5-4A0C-8794-E6F1342AF782}.Release|Any CPU.ActiveCfg = Release|Any CPU
		{51F492A9-59A5-4A0C-8794-E6F1342AF782}.Release|Any CPU.Build.0 = Release|Any CPU
		{51F492A9-59A5-4A0C-8794-E6F1342AF782}.Release|x64.ActiveCfg = Release|Any CPU
		{51F492A9-59A5-4A0C-8794-E6F1342AF782}.Release|x64.Build.0 = Release|Any CPU
		{51F492A9-59A5-4A0C-8794-E6F1342AF782}.Release|x86.ActiveCfg = Release|Any CPU
		{51F492A9-59A5-4A0C-8794-E6F1342AF782}.Release|x86.Build.0 = Release|Any CPU
		{22BCE680-C213-4B4A-8812-FBC80FEB69CB}.Debug|Any CPU.ActiveCfg = Debug|Any CPU
		{22BCE680-C213-4B4A-8812-FBC80FEB69CB}.Debug|Any CPU.Build.0 = Debug|Any CPU
		{22BCE680-C213-4B4A-8812-FBC80FEB69CB}.Debug|x64.ActiveCfg = Debug|Any CPU
		{22BCE680-C213-4B4A-8812-FBC80FEB69CB}.Debug|x64.Build.0 = Debug|Any CPU
		{22BCE680-C213-4B4A-8812-FBC80FEB69CB}.Debug|x86.ActiveCfg = Debug|Any CPU
		{22BCE680-C213-4B4A-8812-FBC80FEB69CB}.Debug|x86.Build.0 = Debug|Any CPU
		{22BCE680-C213-4B4A-8812-FBC80FEB69CB}.Release|Any CPU.ActiveCfg = Release|Any CPU
		{22BCE680-C213-4B4A-8812-FBC80FEB69CB}.Release|Any CPU.Build.0 = Release|Any CPU
		{22BCE680-C213-4B4A-8812-FBC80FEB69CB}.Release|x64.ActiveCfg = Release|Any CPU
		{22BCE680-C213-4B4A-8812-FBC80FEB69CB}.Release|x64.Build.0 = Release|Any CPU
		{22BCE680-C213-4B4A-8812-FBC80FEB69CB}.Release|x86.ActiveCfg = Release|Any CPU
		{22BCE680-C213-4B4A-8812-FBC80FEB69CB}.Release|x86.Build.0 = Release|Any CPU
	EndGlobalSection
	GlobalSection(SolutionProperties) = preSolution
		HideSolutionNode = FALSE
	EndGlobalSection
	GlobalSection(NestedProjects) = preSolution
		{46D46B9D-1C92-4C5B-A565-40D45009294F} = {B36A84DF-456D-A817-6EDD-3EC3E7F6E11F}
		{94C28226-F526-4563-936F-75F407D02AE6} = {B36A84DF-456D-A817-6EDD-3EC3E7F6E11F}
		{A1B72379-6A39-4D11-8964-987040124A57} = {B36A84DF-456D-A817-6EDD-3EC3E7F6E11F}
		{F600BD6F-E1A8-45AE-A2C2-95FA004113A1} = {B36A84DF-456D-A817-6EDD-3EC3E7F6E11F}
		{3716F8BB-4D4A-46C1-B96B-D7F6C4188660} = {B36A84DF-456D-A817-6EDD-3EC3E7F6E11F}
		{51F492A9-59A5-4A0C-8794-E6F1342AF782} = {B36A84DF-456D-A817-6EDD-3EC3E7F6E11F}
		{22BCE680-C213-4B4A-8812-FBC80FEB69CB} = {0AB3BF05-4346-4AA6-1389-037BE0695223}
	EndGlobalSection
EndGlobal
